
Microsoft Visual Studio Solution File, Format Version 12.00
# Visual Studio Version 16
VisualStudioVersion = 16.0.29728.190
MinimumVisualStudioVersion = 10.0.40219.1
Project("{FAE04EC0-301F-11D3-BF4B-00C04F79EFBC}") = "Core", "core\Core.csproj", "{CFF6A3D7-5506-49D4-A17A-50083165A3D8}"
EndProject
Project("{9A19103F-16F7-4668-BE54-9A1E7A4F7556}") = "Executor", "Executor\Executor.csproj", "{C358A316-D3CD-4A8F-A295-58BE85090032}"
EndProject
Global
	GlobalSection(SolutionConfigurationPlatforms) = preSolution
		Debug|Any CPU = Debug|Any CPU
		Release|Any CPU = Release|Any CPU
	EndGlobalSection
	GlobalSection(ProjectConfigurationPlatforms) = postSolution
		{CFF6A3D7-5506-49D4-A17A-50083165A3D8}.Debug|Any CPU.ActiveCfg = Debug|Any CPU
		{CFF6A3D7-5506-49D4-A17A-50083165A3D8}.Debug|Any CPU.Build.0 = Debug|Any CPU
		{CFF6A3D7-5506-49D4-A17A-50083165A3D8}.Release|Any CPU.ActiveCfg = Release|Any CPU
		{CFF6A3D7-5506-49D4-A17A-50083165A3D8}.Release|Any CPU.Build.0 = Release|Any CPU
		{C358A316-D3CD-4A8F-A295-58BE85090032}.Debug|Any CPU.ActiveCfg = Debug|Any CPU
		{C358A316-D3CD-4A8F-A295-58BE85090032}.Debug|Any CPU.Build.0 = Debug|Any CPU
		{C358A316-D3CD-4A8F-A295-58BE85090032}.Release|Any CPU.ActiveCfg = Release|Any CPU
		{C358A316-D3CD-4A8F-A295-58BE85090032}.Release|Any CPU.Build.0 = Release|Any CPU
	EndGlobalSection
	GlobalSection(SolutionProperties) = preSolution
		HideSolutionNode = FALSE
	EndGlobalSection
	GlobalSection(ExtensibilityGlobals) = postSolution
		SolutionGuid = {1FBB5384-22AA-4E03-ACFF-A6689DF8C2B5}
	EndGlobalSection
EndGlobal
